
Microsoft Visual Studio Solution File, Format Version 12.00
# Visual Studio Version 17
VisualStudioVersion = 17.4.33110.190
MinimumVisualStudioVersion = 10.0.40219.1
Project("{FAE04EC0-301F-11D3-BF4B-00C04F79EFBC}") = "Ex02", "Ex02\Ex02.csproj", "{C12A750F-84F2-40A8-BBA2-8B0CD2650D56}"
EndProject
Global
	GlobalSection(SolutionConfigurationPlatforms) = preSolution
		Debug|Any CPU = Debug|Any CPU
		Release|Any CPU = Release|Any CPU
	EndGlobalSection
	GlobalSection(ProjectConfigurationPlatforms) = postSolution
		{C12A750F-84F2-40A8-BBA2-8B0CD2650D56}.Debug|Any CPU.ActiveCfg = Debug|Any CPU
		{C12A750F-84F2-40A8-BBA2-8B0CD2650D56}.Debug|Any CPU.Build.0 = Debug|Any CPU
		{C12A750F-84F2-40A8-BBA2-8B0CD2650D56}.Release|Any CPU.ActiveCfg = Release|Any CPU
		{C12A750F-84F2-40A8-BBA2-8B0CD2650D56}.Release|Any CPU.Build.0 = Release|Any CPU
	EndGlobalSection
	GlobalSection(SolutionProperties) = preSolution
		HideSolutionNode = FALSE
	EndGlobalSection
	GlobalSection(ExtensibilityGlobals) = postSolution
		SolutionGuid = {6634726C-F871-4759-8E35-835EBD54D79C}
	EndGlobalSection
EndGlobal
